PODS:
  - Alamofire (5.0.0-beta.7)
  - SwiftyJSON (4.3.0)

DEPENDENCIES:
  - Alamofire (~> 5.0.0-beta.5)
  - SwiftyJSON (~> 4.0)

SPEC REPOS:
  https://github.com/CocoaPods/Specs.git:
    - SwiftyJSON
  trunk:
    - Alamofire

SPEC CHECKSUMS:
  Alamofire: bd07938ceecad59d2492aeecb1f785a8f2721160
  SwiftyJSON: 6faa0040f8b59dead0ee07436cbf76b73c08fd08

PODFILE CHECKSUM: 776099a7bd0a67de8e6b0939927d18783c712627

COCOAPODS: 1.8.0.beta.2
